// !$*UTF8*$!
{
	archiveVersion = 1;
	classes = {
	};
	objectVersion = 46;
	objects = {

/* Begin PBXBuildFile section */
		D85EE5E61DDCD38500D61D40 /* ImagenesController.swift in Sources */ = {isa = PBXBuildFile; fileRef = D85EE5E51DDCD38500D61D40 /* ImagenesController.swift */; };
		D85EE5E81DDCEF0100D61D40 /* Ciudades.plist in Resources */ = {isa = PBXBuildFile; fileRef = D85EE5E71DDCEF0100D61D40 /* Ciudades.plist */; };
		D85EE5EA1DDE37E300D61D40 /* Ciudad.swift in Sources */ = {isa = PBXBuildFile; fileRef = D85EE5E91DDE37E200D61D40 /* Ciudad.swift */; };
		D87452281DBF858E00E1D88E /* AppDelegate.swift in Sources */ = {isa = PBXBuildFile; fileRef = D87452271DBF858E00E1D88E /* AppDelegate.swift */; };
		D874522A1DBF858E00E1D88E /* ViewController.swift in Sources */ = {isa = PBXBuildFile; fileRef = D87452291DBF858E00E1D88E /* ViewController.swift */; };
		D874522D1DBF858E00E1D88E /* Main.storyboard in Resources */ = {isa = PBXBuildFile; fileRef = D874522B1DBF858E00E1D88E /* Main.storyboard */; };
		D874522F1DBF858E00E1D88E /* Assets.xcassets in Resources */ = {isa = PBXBuildFile; fileRef = D874522E1DBF858E00E1D88E /* Assets.xcassets */; };
		D87452321DBF858E00E1D88E /* LaunchScreen.storyboard in Resources */ = {isa = PBXBuildFile; fileRef = D87452301DBF858E00E1D88E /* LaunchScreen.storyboard */; };
		D874523A1DBF889E00E1D88E /* GaleriaCell.swift in Sources */ = {isa = PBXBuildFile; fileRef = D87452391DBF889E00E1D88E /* GaleriaCell.swift */; };
		D874523C1DBF88FF00E1D88E /* ImagenViewController.swift in Sources */ = {isa = PBXBuildFile; fileRef = D874523B1DBF88FF00E1D88E /* ImagenViewController.swift */; };
		D8AD36D51DC29E1A004BC585 /* Edificios.plist in Resources */ = {isa = PBXBuildFile; fileRef = D8AD36D41DC29E1A004BC585 /* Edificios.plist */; };
		D8AD36D71DC2B8E3004BC585 /* Plist.swift in Sources */ = {isa = PBXBuildFile; fileRef = D8AD36D61DC2B8E3004BC585 /* Plist.swift */; };
		D8AD36D91DC2BD86004BC585 /* data.plist in Resources */ = {isa = PBXBuildFile; fileRef = D8AD36D81DC2BD86004BC585 /* data.plist */; };
/* End PBXBuildFile section */

/* Begin PBXFileReference section */
		D85EE5E51DDCD38500D61D40 /* ImagenesController.swift */ = {isa = PBXFileReference; fileEncoding = 4; lastKnownFileType = sourcecode.swift; path = ImagenesController.swift; sourceTree = "<group>"; };
		D85EE5E71DDCEF0100D61D40 /* Ciudades.plist */ = {isa = PBXFileReference; fileEncoding = 4; lastKnownFileType = text.plist.xml; path = Ciudades.plist; sourceTree = "<group>"; };
		D85EE5E91DDE37E200D61D40 /* Ciudad.swift */ = {isa = PBXFileReference; fileEncoding = 4; lastKnownFileType = sourcecode.swift; path = Ciudad.swift; sourceTree = "<group>"; };
		D87452241DBF858E00E1D88E /* Collection.app */ = {isa = PBXFileReference; explicitFileType = wrapper.application; includeInIndex = 0; path = Collection.app; sourceTree = BUILT_PRODUCTS_DIR; };
		D87452271DBF858E00E1D88E /* AppDelegate.swift */ = {isa = PBXFileReference; lastKnownFileType = sourcecode.swift; path = AppDelegate.swift; sourceTree = "<group>"; };
		D87452291DBF858E00E1D88E /* ViewController.swift */ = {isa = PBXFileReference; lastKnownFileType = sourcecode.swift; path = ViewController.swift; sourceTree = "<group>"; };
		D874522C1DBF858E00E1D88E /* Base */ = {isa = PBXFileReference; lastKnownFileType = file.storyboard; name = Base; path = Base.lproj/Main.storyboard; sourceTree = "<group>"; };
		D874522E1DBF858E00E1D88E /* Assets.xcassets */ = {isa = PBXFileReference; lastKnownFileType = folder.assetcatalog; path = Assets.xcassets; sourceTree = "<group>"; };
		D87452311DBF858E00E1D88E /* Base */ = {isa = PBXFileReference; lastKnownFileType = file.storyboard; name = Base; path = Base.lproj/LaunchScreen.storyboard; sourceTree = "<group>"; };
		D87452331DBF858E00E1D88E /* Info.plist */ = {isa = PBXFileReference; lastKnownFileType = text.plist.xml; path = Info.plist; sourceTree = "<group>"; };
		D87452391DBF889E00E1D88E /* GaleriaCell.swift */ = {isa = PBXFileReference; fileEncoding = 4; lastKnownFileType = sourcecode.swift; path = GaleriaCell.swift; sourceTree = "<group>"; };
		D874523B1DBF88FF00E1D88E /* ImagenViewController.swift */ = {isa = PBXFileReference; fileEncoding = 4; lastKnownFileType = sourcecode.swift; path = ImagenViewController.swift; sourceTree = "<group>"; };
		D8AD36D41DC29E1A004BC585 /* Edificios.plist */ = {isa = PBXFileReference; fileEncoding = 4; lastKnownFileType = text.plist.xml; path = Edificios.plist; sourceTree = "<group>"; };
		D8AD36D61DC2B8E3004BC585 /* Plist.swift */ = {isa = PBXFileReference; fileEncoding = 4; lastKnownFileType = sourcecode.swift; path = Plist.swift; sourceTree = "<group>"; };
		D8AD36D81DC2BD86004BC585 /* data.plist */ = {isa = PBXFileReference; fileEncoding = 4; lastKnownFileType = text.plist.xml; path = data.plist; sourceTree = "<group>"; };
/* End PBXFileReference section */

/* Begin PBXFrameworksBuildPhase section */
		D87452211DBF858E00E1D88E /* Frameworks */ = {
			isa = PBXFrameworksBuildPhase;
			buildActionMask = 2147483647;
			files = (
			);
			runOnlyForDeploymentPostprocessing = 0;
		};
/* End PBXFrameworksBuildPhase section */

/* Begin PBXGroup section */
		D874521B1DBF858E00E1D88E = {
			isa = PBXGroup;
			children = (
				D87452261DBF858E00E1D88E /* Collection */,
				D87452251DBF858E00E1D88E /* Products */,
			);
			sourceTree = "<group>";
		};
		D87452251DBF858E00E1D88E /* Products */ = {
			isa = PBXGroup;
			children = (
				D87452241DBF858E00E1D88E /* Collection.app */,
			);
			name = Products;
			sourceTree = "<group>";
		};
		D87452261DBF858E00E1D88E /* Collection */ = {
			isa = PBXGroup;
			children = (
				D87452271DBF858E00E1D88E /* AppDelegate.swift */,
				D87452291DBF858E00E1D88E /* ViewController.swift */,
				D8AD36D81DC2BD86004BC585 /* data.plist */,
				D87452391DBF889E00E1D88E /* GaleriaCell.swift */,
				D874523B1DBF88FF00E1D88E /* ImagenViewController.swift */,
				D85EE5E51DDCD38500D61D40 /* ImagenesController.swift */,
				D874522B1DBF858E00E1D88E /* Main.storyboard */,
				D874522E1DBF858E00E1D88E /* Assets.xcassets */,
				D87452301DBF858E00E1D88E /* LaunchScreen.storyboard */,
				D87452331DBF858E00E1D88E /* Info.plist */,
				D8AD36D41DC29E1A004BC585 /* Edificios.plist */,
				D8AD36D61DC2B8E3004BC585 /* Plist.swift */,
				D85EE5E71DDCEF0100D61D40 /* Ciudades.plist */,
				D85EE5E91DDE37E200D61D40 /* Ciudad.swift */,
			);
			path = Collection;
			sourceTree = "<group>";
		};
/* End PBXGroup section */

/* Begin PBXNativeTarget section */
		D87452231DBF858E00E1D88E /* Collection */ = {
			isa = PBXNativeTarget;
			buildConfigurationList = D87452361DBF858E00E1D88E /* Build configuration list for PBXNativeTarget "Collection" */;
			buildPhases = (
				D87452201DBF858E00E1D88E /* Sources */,
				D87452211DBF858E00E1D88E /* Frameworks */,
				D87452221DBF858E00E1D88E /* Resources */,
			);
			buildRules = (
			);
			dependencies = (
			);
			name = Collection;
			productName = Collection;
			productReference = D87452241DBF858E00E1D88E /* Collection.app */;
			productType = "com.apple.product-type.application";
		};
/* End PBXNativeTarget section */

/* Begin PBXProject section */
		D874521C1DBF858E00E1D88E /* Project object */ = {
			isa = PBXProject;
			attributes = {
				LastSwiftUpdateCheck = 0800;
				LastUpgradeCheck = 0810;
				ORGANIZATIONNAME = Poppler;
				TargetAttributes = {
					D87452231DBF858E00E1D88E = {
						CreatedOnToolsVersion = 8.0;
						DevelopmentTeam = 635FEQEM2Q;
						ProvisioningStyle = Automatic;
					};
				};
			};
			buildConfigurationList = D874521F1DBF858E00E1D88E /* Build configuration list for PBXProject "Collection" */;
			compatibilityVersion = "Xcode 3.2";
			developmentRegion = English;
			hasScannedForEncodings = 0;
			knownRegions = (
				en,
				Base,
			);
			mainGroup = D874521B1DBF858E00E1D88E;
			productRefGroup = D87452251DBF858E00E1D88E /* Products */;
			projectDirPath = "";
			projectRoot = "";
			targets = (
				D87452231DBF858E00E1D88E /* Collection */,
			);
		};
/* End PBXProject section */

/* Begin PBXResourcesBuildPhase section */
		D87452221DBF858E00E1D88E /* Resources */ = {
			isa = PBXResourcesBuildPhase;
			buildActionMask = 2147483647;
			files = (
				D8AD36D51DC29E1A004BC585 /* Edificios.plist in Resources */,
				D87452321DBF858E00E1D88E /* LaunchScreen.storyboard in Resources */,
				D85EE5E81DDCEF0100D61D40 /* Ciudades.plist in Resources */,
				D874522F1DBF858E00E1D88E /* Assets.xcassets in Resources */,
				D8AD36D91DC2BD86004BC585 /* data.plist in Resources */,
				D874522D1DBF858E00E1D88E /* Main.storyboard in Resources */,
			);
			runOnlyForDeploymentPostprocessing = 0;
		};
/* End PBXResourcesBuildPhase section */

/* Begin PBXSourcesBuildPhase section */
		D87452201DBF858E00E1D88E /* Sources */ = {
			isa = PBXSourcesBuildPhase;
			buildActionMask = 2147483647;
			files = (
				D85EE5EA1DDE37E300D61D40 /* Ciudad.swift in Sources */,
				D85EE5E61DDCD38500D61D40 /* ImagenesController.swift in Sources */,
				D8AD36D71DC2B8E3004BC585 /* Plist.swift in Sources */,
				D874522A1DBF858E00E1D88E /* ViewController.swift in Sources */,
				D874523C1DBF88FF00E1D88E /* ImagenViewController.swift in Sources */,
				D87452281DBF858E00E1D88E /* AppDelegate.swift in Sources */,
				D874523A1DBF889E00E1D88E /* GaleriaCell.swift in Sources */,
			);
			runOnlyForDeploymentPostprocessing = 0;
		};
/* End PBXSourcesBuildPhase section */

/* Begin PBXVariantGroup section */
		D874522B1DBF858E00E1D88E /* Main.storyboard */ = {
			isa = PBXVariantGroup;
			children = (
				D874522C1DBF858E00E1D88E /* Base */,
			);
			name = Main.storyboard;
			sourceTree = "<group>";
		};
		D87452301DBF858E00E1D88E /* LaunchScreen.storyboard */ = {
			isa = PBXVariantGroup;
			children = (
				D87452311DBF858E00E1D88E /* Base */,
			);
			name = LaunchScreen.storyboard;
			sourceTree = "<group>";
		};
/* End PBXVariantGroup section */

/* Begin XCBuildConfiguration section */
		D87452341DBF858E00E1D88E /* Debug */ = {
			isa = XCBuildConfiguration;
			buildSettings = {
				ALWAYS_SEARCH_USER_PATHS = NO;
				CLANG_ANALYZER_NONNULL = YES;
				CLANG_CXX_LANGUAGE_STANDARD = "gnu++0x";
				CLANG_CXX_LIBRARY = "libc++";
				CLANG_ENABLE_MODULES = YES;
				CLANG_ENABLE_OBJC_ARC = YES;
				CLANG_WARN_BOOL_CONVERSION = YES;
				CLANG_WARN_CONSTANT_CONVERSION = YES;
				CLANG_WARN_DIRECT_OBJC_ISA_USAGE = YES_ERROR;
				CLANG_WARN_DOCUMENTATION_COMMENTS = YES;
				CLANG_WARN_EMPTY_BODY = YES;
				CLANG_WARN_ENUM_CONVERSION = YES;
				CLANG_WARN_INFINITE_RECURSION = YES;
				CLANG_WARN_INT_CONVERSION = YES;
				CLANG_WARN_OBJC_ROOT_CLASS = YES_ERROR;
				CLANG_WARN_SUSPICIOUS_MOVE = YES;
				CLANG_WARN_SUSPICIOUS_MOVES = YES;
				CLANG_WARN_UNREACHABLE_CODE = YES;
				CLANG_WARN__DUPLICATE_METHOD_MATCH = YES;
				"CODE_SIGN_IDENTITY[sdk=iphoneos*]" = "iPhone Developer";
				COPY_PHASE_STRIP = NO;
				DEBUG_INFORMATION_FORMAT = dwarf;
				ENABLE_STRICT_OBJC_MSGSEND = YES;
				ENABLE_TESTABILITY = YES;
				GCC_C_LANGUAGE_STANDARD = gnu99;
				GCC_DYNAMIC_NO_PIC = NO;
				GCC_NO_COMMON_BLOCKS = YES;
				GCC_OPTIMIZATION_LEVEL = 0;
				GCC_PREPROCESSOR_DEFINITIONS = (
					"DEBUG=1",
					"$(inherited)",
				);
				GCC_WARN_64_TO_32_BIT_CONVERSION = YES;
				GCC_WARN_ABOUT_RETURN_TYPE = YES_ERROR;
				GCC_WARN_UNDECLARED_SELECTOR = YES;
				GCC_WARN_UNINITIALIZED_AUTOS = YES_AGGRESSIVE;
				GCC_WARN_UNUSED_FUNCTION = YES;
				GCC_WARN_UNUSED_VARIABLE = YES;
				IPHONEOS_DEPLOYMENT_TARGET = 10.0;
				MTL_ENABLE_DEBUG_INFO = YES;
				ONLY_ACTIVE_ARCH = YES;
				SDKROOT = iphoneos;
				SWIFT_ACTIVE_COMPILATION_CONDITIONS = DEBUG;
				SWIFT_OPTIMIZATION_LEVEL = "-Onone";
				TARGETED_DEVICE_FAMILY = "1,2";
			};
			name = Debug;
		};
		D87452351DBF858E00E1D88E /* Release */ = {
			isa = XCBuildConfiguration;
			buildSettings = {
				ALWAYS_SEARCH_USER_PATHS = NO;
				CLANG_ANALYZER_NONNULL = YES;
				CLANG_CXX_LANGUAGE_STANDARD = "gnu++0x";
				CLANG_CXX_LIBRARY = "libc++";
				CLANG_ENABLE_MODULES = YES;
				CLANG_ENABLE_OBJC_ARC = YES;
				CLANG_WARN_BOOL_CONVERSION = YES;
				CLANG_WARN_CONSTANT_CONVERSION = YES;
				CLANG_WARN_DIRECT_OBJC_ISA_USAGE = YES_ERROR;
				CLANG_WARN_DOCUMENTATION_COMMENTS = YES;
				CLANG_WARN_EMPTY_BODY = YES;
				CLANG_WARN_ENUM_CONVERSION = YES;
				CLANG_WARN_INFINITE_RECURSION = YES;
				CLANG_WARN_INT_CONVERSION = YES;
				CLANG_WARN_OBJC_ROOT_CLASS = YES_ERROR;
				CLANG_WARN_SUSPICIOUS_MOVE = YES;
				CLANG_WARN_SUSPICIOUS_MOVES = YES;
				CLANG_WARN_UNREACHABLE_CODE = YES;
				CLANG_WARN__DUPLICATE_METHOD_MATCH = YES;
				"CODE_SIGN_IDENTITY[sdk=iphoneos*]" = "iPhone Developer";
				COPY_PHASE_STRIP = NO;
				DEBUG_INFORMATION_FORMAT = "dwarf-with-dsym";
				ENABLE_NS_ASSERTIONS = NO;
				ENABLE_STRICT_OBJC_MSGSEND = YES;
				GCC_C_LANGUAGE_STANDARD = gnu99;
				GCC_NO_COMMON_BLOCKS = YES;
				GCC_WARN_64_TO_32_BIT_CONVERSION = YES;
				GCC_WARN_ABOUT_RETURN_TYPE = YES_ERROR;
				GCC_WARN_UNDECLARED_SELECTOR = YES;
				GCC_WARN_UNINITIALIZED_AUTOS = YES_AGGRESSIVE;
				GCC_WARN_UNUSED_FUNCTION = YES;
				GCC_WARN_UNUSED_VARIABLE = YES;
				IPHONEOS_DEPLOYMENT_TARGET = 10.0;
				MTL_ENABLE_DEBUG_INFO = NO;
				SDKROOT = iphoneos;
				SWIFT_OPTIMIZATION_LEVEL = "-Owholemodule";
				TARGETED_DEVICE_FAMILY = "1,2";
				VALIDATE_PRODUCT = YES;
			};
			name = Release;
		};
		D87452371DBF858E00E1D88E /* Debug */ = {
			isa = XCBuildConfiguration;
			buildSettings = {
				ASSETCATALOG_COMPILER_APPICON_NAME = AppIcon;
				DEVELOPMENT_TEAM = 635FEQEM2Q;
				INFOPLIST_FILE = Collection/Info.plist;
				IPHONEOS_DEPLOYMENT_TARGET = 9.3;
				LD_RUNPATH_SEARCH_PATHS = "$(inherited) @executable_path/Frameworks";
				PRODUCT_BUNDLE_IDENTIFIER = cocolab.poppler.Collection;
				PRODUCT_NAME = "$(TARGET_NAME)";
				SWIFT_VERSION = 3.0;
				TARGETED_DEVICE_FAMILY = 1;
			};
			name = Debug;
		};
		D87452381DBF858E00E1D88E /* Release */ = {
			isa = XCBuildConfiguration;
			buildSettings = {
				ASSETCATALOG_COMPILER_APPICON_NAME = AppIcon;
				DEVELOPMENT_TEAM = 635FEQEM2Q;
				INFOPLIST_FILE = Collection/Info.plist;
				IPHONEOS_DEPLOYMENT_TARGET = 9.3;
				LD_RUNPATH_SEARCH_PATHS = "$(inherited) @executable_path/Frameworks";
				PRODUCT_BUNDLE_IDENTIFIER = cocolab.poppler.Collection;
				PRODUCT_NAME = "$(TARGET_NAME)";
				SWIFT_VERSION = 3.0;
				TARGETED_DEVICE_FAMILY = 1;
			};
			name = Release;
		};
/* End XCBuildConfiguration section */

/* Begin XCConfigurationList section */
		D874521F1DBF858E00E1D88E /* Build configuration list for PBXProject "Collection" */ = {
			isa = XCConfigurationList;
			buildConfigurations = (
				D87452341DBF858E00E1D88E /* Debug */,
				D87452351DBF858E00E1D88E /* Release */,
			);
			defaultConfigurationIsVisible = 0;
			defaultConfigurationName = Release;
		};
		D87452361DBF858E00E1D88E /* Build configuration list for PBXNativeTarget "Collection" */ = {
			isa = XCConfigurationList;
			buildConfigurations = (
				D87452371DBF858E00E1D88E /* Debug */,
				D87452381DBF858E00E1D88E /* Release */,
			);
			defaultConfigurationIsVisible = 0;
			defaultConfigurationName = Release;
		};
/* End XCConfigurationList section */
	};
	rootObject = D874521C1DBF858E00E1D88E /* Project object */;
}
